
Microsoft Visual Studio Solution File, Format Version 12.00
# Visual Studio Version 17
VisualStudioVersion = 17.0.32112.339
MinimumVisualStudioVersion = 10.0.40219.1
Project("{FAE04EC0-301F-11D3-BF4B-00C04F79EFBC}") = "hada-p2", "hada-p2\hada-p2.csproj", "{EAB36F67-7FA8-42D5-BF10-43094C1946CD}"
EndProject
Global
	GlobalSection(SolutionConfigurationPlatforms) = preSolution
		Debug|Any CPU = Debug|Any CPU
		Release|Any CPU = Release|Any CPU
	EndGlobalSection
	GlobalSection(ProjectConfigurationPlatforms) = postSolution
		{EAB36F67-7FA8-42D5-BF10-43094C1946CD}.Debug|Any CPU.ActiveCfg = Debug|Any CPU
		{EAB36F67-7FA8-42D5-BF10-43094C1946CD}.Debug|Any CPU.Build.0 = Debug|Any CPU
		{EAB36F67-7FA8-42D5-BF10-43094C1946CD}.Release|Any CPU.ActiveCfg = Release|Any CPU
		{EAB36F67-7FA8-42D5-BF10-43094C1946CD}.Release|Any CPU.Build.0 = Release|Any CPU
	EndGlobalSection
	GlobalSection(SolutionProperties) = preSolution
		HideSolutionNode = FALSE
	EndGlobalSection
	GlobalSection(ExtensibilityGlobals) = postSolution
		SolutionGuid = {CE0D94AA-6418-4186-B955-3FB78B02F7CC}
	EndGlobalSection
EndGlobal
